
Microsoft Visual Studio Solution File, Format Version 12.00
# Visual Studio Version 17
VisualStudioVersion = 17.6.33829.357
MinimumVisualStudioVersion = 10.0.40219.1
Project("{FAE04EC0-301F-11D3-BF4B-00C04F79EFBC}") = "ProjetFinal_2147037", "ProjetFinal_2147037.csproj", "{0AEC80F5-7E45-4971-B93E-D52B82CF6B66}"
EndProject
Global
	GlobalSection(SolutionConfigurationPlatforms) = preSolution
		Debug|Any CPU = Debug|Any CPU
		Release|Any CPU = Release|Any CPU
	EndGlobalSection
	GlobalSection(ProjectConfigurationPlatforms) = postSolution
		{0AEC80F5-7E45-4971-B93E-D52B82CF6B66}.Debug|Any CPU.ActiveCfg = Debug|Any CPU
		{0AEC80F5-7E45-4971-B93E-D52B82CF6B66}.Debug|Any CPU.Build.0 = Debug|Any CPU
		{0AEC80F5-7E45-4971-B93E-D52B82CF6B66}.Release|Any CPU.ActiveCfg = Release|Any CPU
		{0AEC80F5-7E45-4971-B93E-D52B82CF6B66}.Release|Any CPU.Build.0 = Release|Any CPU
	EndGlobalSection
	GlobalSection(SolutionProperties) = preSolution
		HideSolutionNode = FALSE
	EndGlobalSection
	GlobalSection(ExtensibilityGlobals) = postSolution
		SolutionGuid = {87DE16AE-5899-4364-98FF-6F22330E2A3E}
	EndGlobalSection
EndGlobal
